
Microsoft Visual Studio Solution File, Format Version 12.00
# Visual Studio Version 17
VisualStudioVersion = 17.0.31612.314
MinimumVisualStudioVersion = 10.0.40219.1
Project("{778DAE3C-4631-46EA-AA77-85C1314464D9}") = "IRISCalculator", "IRISCalculator\IRISCalculator.vbproj", "{35BF052C-4CF4-455B-BD68-F6B5A5B43452}"
EndProject
Project("{778DAE3C-4631-46EA-AA77-85C1314464D9}") = "WPFProjectCore", "..\WPFProjectCore\WPFProjectCore\WPFProjectCore.vbproj", "{0B686F2B-623B-4EB6-999D-B613DA1E267B}"
EndProject
Project("{C7167F0D-BC9F-4E6E-AFE1-012C56B48DB5}") = "IRISCalculatorSetup", "IRISCalculatorSetup\IRISCalculatorSetup.wapproj", "{AFE29695-740A-40FA-AAF9-051E79923B05}"
	ProjectSection(ProjectDependencies) = postProject
		{35BF052C-4CF4-455B-BD68-F6B5A5B43452} = {35BF052C-4CF4-455B-BD68-F6B5A5B43452}
	EndProjectSection
EndProject
Global
	GlobalSection(SolutionConfigurationPlatforms) = preSolution
		Debug|Any CPU = Debug|Any CPU
		Debug|ARM = Debug|ARM
		Debug|ARM64 = Debug|ARM64
		Debug|x64 = Debug|x64
		Debug|x86 = Debug|x86
		Release|Any CPU = Release|Any CPU
		Release|ARM = Release|ARM
		Release|ARM64 = Release|ARM64
		Release|x64 = Release|x64
		Release|x86 = Release|x86
	EndGlobalSection
	GlobalSection(ProjectConfigurationPlatforms) = postSolution
		{35BF052C-4CF4-455B-BD68-F6B5A5B43452}.Debug|Any CPU.ActiveCfg = Debug|Any CPU
		{35BF052C-4CF4-455B-BD68-F6B5A5B43452}.Debug|Any CPU.Build.0 = Debug|Any CPU
		{35BF052C-4CF4-455B-BD68-F6B5A5B43452}.Debug|ARM.ActiveCfg = Debug|Any CPU
		{35BF052C-4CF4-455B-BD68-F6B5A5B43452}.Debug|ARM.Build.0 = Debug|Any CPU
		{35BF052C-4CF4-455B-BD68-F6B5A5B43452}.Debug|ARM64.ActiveCfg = Debug|Any CPU
		{35BF052C-4CF4-455B-BD68-F6B5A5B43452}.Debug|ARM64.Build.0 = Debug|Any CPU
		{35BF052C-4CF4-455B-BD68-F6B5A5B43452}.Debug|x64.ActiveCfg = Debug|Any CPU
		{35BF052C-4CF4-455B-BD68-F6B5A5B43452}.Debug|x64.Build.0 = Debug|Any CPU
		{35BF052C-4CF4-455B-BD68-F6B5A5B43452}.Debug|x86.ActiveCfg = Debug|Any CPU
		{35BF052C-4CF4-455B-BD68-F6B5A5B43452}.Debug|x86.Build.0 = Debug|Any CPU
		{35BF052C-4CF4-455B-BD68-F6B5A5B43452}.Release|Any CPU.ActiveCfg = Release|Any CPU
		{35BF052C-4CF4-455B-BD68-F6B5A5B43452}.Release|Any CPU.Build.0 = Release|Any CPU
		{35BF052C-4CF4-455B-BD68-F6B5A5B43452}.Release|ARM.ActiveCfg = Release|Any CPU
		{35BF052C-4CF4-455B-BD68-F6B5A5B43452}.Release|ARM.Build.0 = Release|Any CPU
		{35BF052C-4CF4-455B-BD68-F6B5A5B43452}.Release|ARM64.ActiveCfg = Release|Any CPU
		{35BF052C-4CF4-455B-BD68-F6B5A5B43452}.Release|ARM64.Build.0 = Release|Any CPU
		{35BF052C-4CF4-455B-BD68-F6B5A5B43452}.Release|x64.ActiveCfg = Release|Any CPU
		{35BF052C-4CF4-455B-BD68-F6B5A5B43452}.Release|x64.Build.0 = Release|Any CPU
		{35BF052C-4CF4-455B-BD68-F6B5A5B43452}.Release|x86.ActiveCfg = Release|Any CPU
		{35BF052C-4CF4-455B-BD68-F6B5A5B43452}.Release|x86.Build.0 = Release|Any CPU
		{0B686F2B-623B-4EB6-999D-B613DA1E267B}.Debug|Any CPU.ActiveCfg = Debug|Any CPU
		{0B686F2B-623B-4EB6-999D-B613DA1E267B}.Debug|Any CPU.Build.0 = Debug|Any CPU
		{0B686F2B-623B-4EB6-999D-B613DA1E267B}.Debug|ARM.ActiveCfg = Debug|Any CPU
		{0B686F2B-623B-4EB6-999D-B613DA1E267B}.Debug|ARM.Build.0 = Debug|Any CPU
		{0B686F2B-623B-4EB6-999D-B613DA1E267B}.Debug|ARM64.ActiveCfg = Debug|Any CPU
		{0B686F2B-623B-4EB6-999D-B613DA1E267B}.Debug|ARM64.Build.0 = Debug|Any CPU
		{0B686F2B-623B-4EB6-999D-B613DA1E267B}.Debug|x64.ActiveCfg = Debug|Any CPU
		{0B686F2B-623B-4EB6-999D-B613DA1E267B}.Debug|x64.Build.0 = Debug|Any CPU
		{0B686F2B-623B-4EB6-999D-B613DA1E267B}.Debug|x86.ActiveCfg = Debug|Any CPU
		{0B686F2B-623B-4EB6-999D-B613DA1E267B}.Debug|x86.Build.0 = Debug|Any CPU
		{0B686F2B-623B-4EB6-999D-B613DA1E267B}.Release|Any CPU.ActiveCfg = Release|Any CPU
		{0B686F2B-623B-4EB6-999D-B613DA1E267B}.Release|Any CPU.Build.0 = Release|Any CPU
		{0B686F2B-623B-4EB6-999D-B613DA1E267B}.Release|ARM.ActiveCfg = Release|Any CPU
		{0B686F2B-623B-4EB6-999D-B613DA1E267B}.Release|ARM.Build.0 = Release|Any CPU
		{0B686F2B-623B-4EB6-999D-B613DA1E267B}.Release|ARM64.ActiveCfg = Release|Any CPU
		{0B686F2B-623B-4EB6-999D-B613DA1E267B}.Release|ARM64.Build.0 = Release|Any CPU
		{0B686F2B-623B-4EB6-999D-B613DA1E267B}.Release|x64.ActiveCfg = Release|Any CPU
		{0B686F2B-623B-4EB6-999D-B613DA1E267B}.Release|x64.Build.0 = Release|Any CPU
		{0B686F2B-623B-4EB6-999D-B613DA1E267B}.Release|x86.ActiveCfg = Release|Any CPU
		{0B686F2B-623B-4EB6-999D-B613DA1E267B}.Release|x86.Build.0 = Release|Any CPU
		{AFE29695-740A-40FA-AAF9-051E79923B05}.Debug|Any CPU.ActiveCfg = Debug|Any CPU
		{AFE29695-740A-40FA-AAF9-051E79923B05}.Debug|Any CPU.Build.0 = Debug|Any CPU
		{AFE29695-740A-40FA-AAF9-051E79923B05}.Debug|Any CPU.Deploy.0 = Debug|Any CPU
		{AFE29695-740A-40FA-AAF9-051E79923B05}.Debug|ARM.ActiveCfg = Debug|ARM
		{AFE29695-740A-40FA-AAF9-051E79923B05}.Debug|ARM.Build.0 = Debug|ARM
		{AFE29695-740A-40FA-AAF9-051E79923B05}.Debug|ARM.Deploy.0 = Debug|ARM
		{AFE29695-740A-40FA-AAF9-051E79923B05}.Debug|ARM64.ActiveCfg = Debug|ARM64
		{AFE29695-740A-40FA-AAF9-051E79923B05}.Debug|ARM64.Build.0 = Debug|ARM64
		{AFE29695-740A-40FA-AAF9-051E79923B05}.Debug|ARM64.Deploy.0 = Debug|ARM64
		{AFE29695-740A-40FA-AAF9-051E79923B05}.Debug|x64.ActiveCfg = Debug|x64
		{AFE29695-740A-40FA-AAF9-051E79923B05}.Debug|x64.Build.0 = Debug|x64
		{AFE29695-740A-40FA-AAF9-051E79923B05}.Debug|x64.Deploy.0 = Debug|x64
		{AFE29695-740A-40FA-AAF9-051E79923B05}.Debug|x86.ActiveCfg = Debug|x86
		{AFE29695-740A-40FA-AAF9-051E79923B05}.Debug|x86.Build.0 = Debug|x86
		{AFE29695-740A-40FA-AAF9-051E79923B05}.Debug|x86.Deploy.0 = Debug|x86
		{AFE29695-740A-40FA-AAF9-051E79923B05}.Release|Any CPU.ActiveCfg = Release|Any CPU
		{AFE29695-740A-40FA-AAF9-051E79923B05}.Release|Any CPU.Build.0 = Release|Any CPU
		{AFE29695-740A-40FA-AAF9-051E79923B05}.Release|Any CPU.Deploy.0 = Release|Any CPU
		{AFE29695-740A-40FA-AAF9-051E79923B05}.Release|ARM.ActiveCfg = Release|ARM
		{AFE29695-740A-40FA-AAF9-051E79923B05}.Release|ARM.Build.0 = Release|ARM
		{AFE29695-740A-40FA-AAF9-051E79923B05}.Release|ARM.Deploy.0 = Release|ARM
		{AFE29695-740A-40FA-AAF9-051E79923B05}.Release|ARM64.ActiveCfg = Release|ARM64
		{AFE29695-740A-40FA-AAF9-051E79923B05}.Release|ARM64.Build.0 = Release|ARM64
		{AFE29695-740A-40FA-AAF9-051E79923B05}.Release|ARM64.Deploy.0 = Release|ARM64
		{AFE29695-740A-40FA-AAF9-051E79923B05}.Release|x64.ActiveCfg = Release|x64
		{AFE29695-740A-40FA-AAF9-051E79923B05}.Release|x64.Build.0 = Release|x64
		{AFE29695-740A-40FA-AAF9-051E79923B05}.Release|x64.Deploy.0 = Release|x64
		{AFE29695-740A-40FA-AAF9-051E79923B05}.Release|x86.ActiveCfg = Release|x86
		{AFE29695-740A-40FA-AAF9-051E79923B05}.Release|x86.Build.0 = Release|x86
		{AFE29695-740A-40FA-AAF9-051E79923B05}.Release|x86.Deploy.0 = Release|x86
	EndGlobalSection
	GlobalSection(SolutionProperties) = preSolution
		HideSolutionNode = FALSE
	EndGlobalSection
	GlobalSection(ExtensibilityGlobals) = postSolution
		SolutionGuid = {4EA21D99-8944-4994-953D-30944DAF8C6F}
	EndGlobalSection
EndGlobal
